
Microsoft Visual Studio Solution File, Format Version 12.00
# Visual Studio Version 16
VisualStudioVersion = 16.0.808.3
MinimumVisualStudioVersion = 10.0.40219.1
Project("{FAE04EC0-301F-11D3-BF4B-00C04F79EFBC}") = "AddCustomer", "AddCustomer\AddCustomer.csproj", "{471D44CD-34AD-4908-A0A5-1FF81E9C3539}"
EndProject
Project("{FAE04EC0-301F-11D3-BF4B-00C04F79EFBC}") = "GetCustomer", "GetCustomer\GetCustomer.csproj", "{2E012465-81C9-4A65-A0C1-8B6B1C8F99C2}"
EndProject
Project("{FAE04EC0-301F-11D3-BF4B-00C04F79EFBC}") = "CommonLib", "CommonLib\CommonLib.csproj", "{A78E043D-B12F-45B9-BF5F-58B6A91B018F}"
EndProject
Project("{FAE04EC0-301F-11D3-BF4B-00C04F79EFBC}") = "AddDevice", "AddDevice\AddDevice.csproj", "{8F29D20D-A746-4239-A813-B2035D52461D}"
EndProject
Project("{FAE04EC0-301F-11D3-BF4B-00C04F79EFBC}") = "DataAPI", "DataAPI\DataAPI.csproj", "{2019BC53-801C-49E9-A5F3-673AFCE718B8}"
EndProject
Global
	GlobalSection(SolutionConfigurationPlatforms) = preSolution
		Debug|Any CPU = Debug|Any CPU
		Release|Any CPU = Release|Any CPU
	EndGlobalSection
	GlobalSection(ProjectConfigurationPlatforms) = postSolution
		{471D44CD-34AD-4908-A0A5-1FF81E9C3539}.Debug|Any CPU.ActiveCfg = Debug|Any CPU
		{471D44CD-34AD-4908-A0A5-1FF81E9C3539}.Debug|Any CPU.Build.0 = Debug|Any CPU
		{471D44CD-34AD-4908-A0A5-1FF81E9C3539}.Release|Any CPU.ActiveCfg = Release|Any CPU
		{471D44CD-34AD-4908-A0A5-1FF81E9C3539}.Release|Any CPU.Build.0 = Release|Any CPU
		{2E012465-81C9-4A65-A0C1-8B6B1C8F99C2}.Debug|Any CPU.ActiveCfg = Debug|Any CPU
		{2E012465-81C9-4A65-A0C1-8B6B1C8F99C2}.Debug|Any CPU.Build.0 = Debug|Any CPU
		{2E012465-81C9-4A65-A0C1-8B6B1C8F99C2}.Release|Any CPU.ActiveCfg = Release|Any CPU
		{2E012465-81C9-4A65-A0C1-8B6B1C8F99C2}.Release|Any CPU.Build.0 = Release|Any CPU
		{A78E043D-B12F-45B9-BF5F-58B6A91B018F}.Debug|Any CPU.ActiveCfg = Debug|Any CPU
		{A78E043D-B12F-45B9-BF5F-58B6A91B018F}.Debug|Any CPU.Build.0 = Debug|Any CPU
		{A78E043D-B12F-45B9-BF5F-58B6A91B018F}.Release|Any CPU.ActiveCfg = Release|Any CPU
		{A78E043D-B12F-45B9-BF5F-58B6A91B018F}.Release|Any CPU.Build.0 = Release|Any CPU
		{8F29D20D-A746-4239-A813-B2035D52461D}.Debug|Any CPU.ActiveCfg = Debug|Any CPU
		{8F29D20D-A746-4239-A813-B2035D52461D}.Debug|Any CPU.Build.0 = Debug|Any CPU
		{8F29D20D-A746-4239-A813-B2035D52461D}.Release|Any CPU.ActiveCfg = Release|Any CPU
		{8F29D20D-A746-4239-A813-B2035D52461D}.Release|Any CPU.Build.0 = Release|Any CPU
		{2019BC53-801C-49E9-A5F3-673AFCE718B8}.Debug|Any CPU.ActiveCfg = Debug|Any CPU
		{2019BC53-801C-49E9-A5F3-673AFCE718B8}.Debug|Any CPU.Build.0 = Debug|Any CPU
		{2019BC53-801C-49E9-A5F3-673AFCE718B8}.Release|Any CPU.ActiveCfg = Release|Any CPU
		{2019BC53-801C-49E9-A5F3-673AFCE718B8}.Release|Any CPU.Build.0 = Release|Any CPU
	EndGlobalSection
	GlobalSection(SolutionProperties) = preSolution
		HideSolutionNode = FALSE
	EndGlobalSection
	GlobalSection(ExtensibilityGlobals) = postSolution
		SolutionGuid = {8A455C6F-9AE3-4C01-B73B-218556898702}
	EndGlobalSection
EndGlobal
